
Microsoft Visual Studio Solution File, Format Version 12.00
# Visual Studio Version 16
VisualStudioVersion = 16.0.31624.102
MinimumVisualStudioVersion = 10.0.40219.1
Project("{FAE04EC0-301F-11D3-BF4B-00C04F79EFBC}") = "DefineBasicInfo", "DefineBasicInfo.csproj", "{7C051A6E-C1B8-4DCB-926C-664FC8971CA9}"
EndProject
Global
	GlobalSection(SolutionConfigurationPlatforms) = preSolution
		Debug|Any CPU = Debug|Any CPU
		Release|Any CPU = Release|Any CPU
	EndGlobalSection
	GlobalSection(ProjectConfigurationPlatforms) = postSolution
		{7C051A6E-C1B8-4DCB-926C-664FC8971CA9}.Debug|Any CPU.ActiveCfg = Debug|Any CPU
		{7C051A6E-C1B8-4DCB-926C-664FC8971CA9}.Debug|Any CPU.Build.0 = Debug|Any CPU
		{7C051A6E-C1B8-4DCB-926C-664FC8971CA9}.Release|Any CPU.ActiveCfg = Release|Any CPU
		{7C051A6E-C1B8-4DCB-926C-664FC8971CA9}.Release|Any CPU.Build.0 = Release|Any CPU
	EndGlobalSection
	GlobalSection(SolutionProperties) = preSolution
		HideSolutionNode = FALSE
	EndGlobalSection
	GlobalSection(ExtensibilityGlobals) = postSolution
		SolutionGuid = {BB58F11F-826B-42C4-8CA4-285C9BCA1868}
	EndGlobalSection
EndGlobal
