
Microsoft Visual Studio Solution File, Format Version 12.00
# Visual Studio Version 16
VisualStudioVersion = 16.0.31624.102
MinimumVisualStudioVersion = 10.0.40219.1
Project("{FAE04EC0-301F-11D3-BF4B-00C04F79EFBC}") = "Apples", "Apples.csproj", "{5AFBF3FF-7FD9-4FCC-B145-B6594ABDEB54}"
EndProject
Project("{FAE04EC0-301F-11D3-BF4B-00C04F79EFBC}") = "AppleTest", "..\AppleTest\AppleTest.csproj", "{5F7AC32C-61EE-4570-8DC5-72A9EA20ECF1}"
EndProject
Global
	GlobalSection(SolutionConfigurationPlatforms) = preSolution
		Debug|Any CPU = Debug|Any CPU
		Release|Any CPU = Release|Any CPU
	EndGlobalSection
	GlobalSection(ProjectConfigurationPlatforms) = postSolution
		{5AFBF3FF-7FD9-4FCC-B145-B6594ABDEB54}.Debug|Any CPU.ActiveCfg = Debug|Any CPU
		{5AFBF3FF-7FD9-4FCC-B145-B6594ABDEB54}.Debug|Any CPU.Build.0 = Debug|Any CPU
		{5AFBF3FF-7FD9-4FCC-B145-B6594ABDEB54}.Release|Any CPU.ActiveCfg = Release|Any CPU
		{5AFBF3FF-7FD9-4FCC-B145-B6594ABDEB54}.Release|Any CPU.Build.0 = Release|Any CPU
		{5F7AC32C-61EE-4570-8DC5-72A9EA20ECF1}.Debug|Any CPU.ActiveCfg = Debug|Any CPU
		{5F7AC32C-61EE-4570-8DC5-72A9EA20ECF1}.Debug|Any CPU.Build.0 = Debug|Any CPU
		{5F7AC32C-61EE-4570-8DC5-72A9EA20ECF1}.Release|Any CPU.ActiveCfg = Release|Any CPU
		{5F7AC32C-61EE-4570-8DC5-72A9EA20ECF1}.Release|Any CPU.Build.0 = Release|Any CPU
	EndGlobalSection
	GlobalSection(SolutionProperties) = preSolution
		HideSolutionNode = FALSE
	EndGlobalSection
	GlobalSection(ExtensibilityGlobals) = postSolution
		SolutionGuid = {0C055380-EDAF-4BE1-AFBC-662092BFE073}
	EndGlobalSection
EndGlobal
