
Microsoft Visual Studio Solution File, Format Version 12.00
# Visual Studio Version 16
VisualStudioVersion = 16.0.31624.102
MinimumVisualStudioVersion = 10.0.40219.1
Project("{FAE04EC0-301F-11D3-BF4B-00C04F79EFBC}") = "Flyable", "Flyable.csproj", "{393F908C-0983-409E-A6FC-4ACC32111409}"
EndProject
Global
	GlobalSection(SolutionConfigurationPlatforms) = preSolution
		Debug|Any CPU = Debug|Any CPU
		Release|Any CPU = Release|Any CPU
	EndGlobalSection
	GlobalSection(ProjectConfigurationPlatforms) = postSolution
		{393F908C-0983-409E-A6FC-4ACC32111409}.Debug|Any CPU.ActiveCfg = Debug|Any CPU
		{393F908C-0983-409E-A6FC-4ACC32111409}.Debug|Any CPU.Build.0 = Debug|Any CPU
		{393F908C-0983-409E-A6FC-4ACC32111409}.Release|Any CPU.ActiveCfg = Release|Any CPU
		{393F908C-0983-409E-A6FC-4ACC32111409}.Release|Any CPU.Build.0 = Release|Any CPU
	EndGlobalSection
	GlobalSection(SolutionProperties) = preSolution
		HideSolutionNode = FALSE
	EndGlobalSection
	GlobalSection(ExtensibilityGlobals) = postSolution
		SolutionGuid = {32EB1096-8BB8-428D-B853-6D038514F22B}
	EndGlobalSection
EndGlobal
