
Microsoft Visual Studio Solution File, Format Version 12.00
# Visual Studio Version 16
VisualStudioVersion = 16.0.31624.102
MinimumVisualStudioVersion = 10.0.40219.1
Project("{FAE04EC0-301F-11D3-BF4B-00C04F79EFBC}") = "AppendA", "AppendA.csproj", "{D74EF378-FEAC-49E7-A2FE-F53A9C9B2F15}"
EndProject
Global
	GlobalSection(SolutionConfigurationPlatforms) = preSolution
		Debug|Any CPU = Debug|Any CPU
		Release|Any CPU = Release|Any CPU
	EndGlobalSection
	GlobalSection(ProjectConfigurationPlatforms) = postSolution
		{D74EF378-FEAC-49E7-A2FE-F53A9C9B2F15}.Debug|Any CPU.ActiveCfg = Debug|Any CPU
		{D74EF378-FEAC-49E7-A2FE-F53A9C9B2F15}.Debug|Any CPU.Build.0 = Debug|Any CPU
		{D74EF378-FEAC-49E7-A2FE-F53A9C9B2F15}.Release|Any CPU.ActiveCfg = Release|Any CPU
		{D74EF378-FEAC-49E7-A2FE-F53A9C9B2F15}.Release|Any CPU.Build.0 = Release|Any CPU
	EndGlobalSection
	GlobalSection(SolutionProperties) = preSolution
		HideSolutionNode = FALSE
	EndGlobalSection
	GlobalSection(ExtensibilityGlobals) = postSolution
		SolutionGuid = {8F52E10E-E1C1-4BAB-928F-BD1CBA0246BA}
	EndGlobalSection
EndGlobal
