
Microsoft Visual Studio Solution File, Format Version 12.00
# Visual Studio Version 16
VisualStudioVersion = 16.0.31624.102
MinimumVisualStudioVersion = 10.0.40219.1
Project("{FAE04EC0-301F-11D3-BF4B-00C04F79EFBC}") = "SecondsInDay", "SecondsInDay.csproj", "{1D533F84-37E9-4F77-A754-3D522DD1B09C}"
EndProject
Global
	GlobalSection(SolutionConfigurationPlatforms) = preSolution
		Debug|Any CPU = Debug|Any CPU
		Release|Any CPU = Release|Any CPU
	EndGlobalSection
	GlobalSection(ProjectConfigurationPlatforms) = postSolution
		{1D533F84-37E9-4F77-A754-3D522DD1B09C}.Debug|Any CPU.ActiveCfg = Debug|Any CPU
		{1D533F84-37E9-4F77-A754-3D522DD1B09C}.Debug|Any CPU.Build.0 = Debug|Any CPU
		{1D533F84-37E9-4F77-A754-3D522DD1B09C}.Release|Any CPU.ActiveCfg = Release|Any CPU
		{1D533F84-37E9-4F77-A754-3D522DD1B09C}.Release|Any CPU.Build.0 = Release|Any CPU
	EndGlobalSection
	GlobalSection(SolutionProperties) = preSolution
		HideSolutionNode = FALSE
	EndGlobalSection
	GlobalSection(ExtensibilityGlobals) = postSolution
		SolutionGuid = {D9CEC689-480D-46B7-B333-497F65925300}
	EndGlobalSection
EndGlobal
