
Microsoft Visual Studio Solution File, Format Version 12.00
# Visual Studio Version 16
VisualStudioVersion = 16.0.31624.102
MinimumVisualStudioVersion = 10.0.40219.1
Project("{FAE04EC0-301F-11D3-BF4B-00C04F79EFBC}") = "Exercise1", "Exercise1.csproj", "{EE2836BD-20FE-4AFC-959B-5D78B35AA4E6}"
EndProject
Global
	GlobalSection(SolutionConfigurationPlatforms) = preSolution
		Debug|Any CPU = Debug|Any CPU
		Release|Any CPU = Release|Any CPU
	EndGlobalSection
	GlobalSection(ProjectConfigurationPlatforms) = postSolution
		{EE2836BD-20FE-4AFC-959B-5D78B35AA4E6}.Debug|Any CPU.ActiveCfg = Debug|Any CPU
		{EE2836BD-20FE-4AFC-959B-5D78B35AA4E6}.Debug|Any CPU.Build.0 = Debug|Any CPU
		{EE2836BD-20FE-4AFC-959B-5D78B35AA4E6}.Release|Any CPU.ActiveCfg = Release|Any CPU
		{EE2836BD-20FE-4AFC-959B-5D78B35AA4E6}.Release|Any CPU.Build.0 = Release|Any CPU
	EndGlobalSection
	GlobalSection(SolutionProperties) = preSolution
		HideSolutionNode = FALSE
	EndGlobalSection
	GlobalSection(ExtensibilityGlobals) = postSolution
		SolutionGuid = {E9014A57-B64D-4232-BC47-D9275704E8E8}
	EndGlobalSection
EndGlobal
