
Microsoft Visual Studio Solution File, Format Version 12.00
# Visual Studio Version 16
VisualStudioVersion = 16.0.31624.102
MinimumVisualStudioVersion = 10.0.40219.1
Project("{FAE04EC0-301F-11D3-BF4B-00C04F79EFBC}") = "ListIntro1", "ListIntro1.csproj", "{98DD9792-CCB0-448D-980F-1F87A3ECB6FF}"
EndProject
Global
	GlobalSection(SolutionConfigurationPlatforms) = preSolution
		Debug|Any CPU = Debug|Any CPU
		Release|Any CPU = Release|Any CPU
	EndGlobalSection
	GlobalSection(ProjectConfigurationPlatforms) = postSolution
		{98DD9792-CCB0-448D-980F-1F87A3ECB6FF}.Debug|Any CPU.ActiveCfg = Debug|Any CPU
		{98DD9792-CCB0-448D-980F-1F87A3ECB6FF}.Debug|Any CPU.Build.0 = Debug|Any CPU
		{98DD9792-CCB0-448D-980F-1F87A3ECB6FF}.Release|Any CPU.ActiveCfg = Release|Any CPU
		{98DD9792-CCB0-448D-980F-1F87A3ECB6FF}.Release|Any CPU.Build.0 = Release|Any CPU
	EndGlobalSection
	GlobalSection(SolutionProperties) = preSolution
		HideSolutionNode = FALSE
	EndGlobalSection
	GlobalSection(ExtensibilityGlobals) = postSolution
		SolutionGuid = {FE5EFC5D-B128-4307-B9F2-CB1074A614CF}
	EndGlobalSection
EndGlobal
