
Microsoft Visual Studio Solution File, Format Version 12.00
# Visual Studio Version 16
VisualStudioVersion = 16.0.31624.102
MinimumVisualStudioVersion = 10.0.40219.1
Project("{FAE04EC0-301F-11D3-BF4B-00C04F79EFBC}") = "PostIt", "PostIt.csproj", "{D20ECE97-AFB9-4093-9411-60A1C1333002}"
EndProject
Global
	GlobalSection(SolutionConfigurationPlatforms) = preSolution
		Debug|Any CPU = Debug|Any CPU
		Release|Any CPU = Release|Any CPU
	EndGlobalSection
	GlobalSection(ProjectConfigurationPlatforms) = postSolution
		{D20ECE97-AFB9-4093-9411-60A1C1333002}.Debug|Any CPU.ActiveCfg = Debug|Any CPU
		{D20ECE97-AFB9-4093-9411-60A1C1333002}.Debug|Any CPU.Build.0 = Debug|Any CPU
		{D20ECE97-AFB9-4093-9411-60A1C1333002}.Release|Any CPU.ActiveCfg = Release|Any CPU
		{D20ECE97-AFB9-4093-9411-60A1C1333002}.Release|Any CPU.Build.0 = Release|Any CPU
	EndGlobalSection
	GlobalSection(SolutionProperties) = preSolution
		HideSolutionNode = FALSE
	EndGlobalSection
	GlobalSection(ExtensibilityGlobals) = postSolution
		SolutionGuid = {5350AE41-C408-45BD-AD4F-EB3AE0A9E3EB}
	EndGlobalSection
EndGlobal
