
Microsoft Visual Studio Solution File, Format Version 12.00
# Visual Studio Version 16
VisualStudioVersion = 16.0.31624.102
MinimumVisualStudioVersion = 10.0.40219.1
Project("{FAE04EC0-301F-11D3-BF4B-00C04F79EFBC}") = "BMI", "BMI.csproj", "{AFDC31C0-ECDD-4D31-830E-D81B8AA4405D}"
EndProject
Global
	GlobalSection(SolutionConfigurationPlatforms) = preSolution
		Debug|Any CPU = Debug|Any CPU
		Release|Any CPU = Release|Any CPU
	EndGlobalSection
	GlobalSection(ProjectConfigurationPlatforms) = postSolution
		{AFDC31C0-ECDD-4D31-830E-D81B8AA4405D}.Debug|Any CPU.ActiveCfg = Debug|Any CPU
		{AFDC31C0-ECDD-4D31-830E-D81B8AA4405D}.Debug|Any CPU.Build.0 = Debug|Any CPU
		{AFDC31C0-ECDD-4D31-830E-D81B8AA4405D}.Release|Any CPU.ActiveCfg = Release|Any CPU
		{AFDC31C0-ECDD-4D31-830E-D81B8AA4405D}.Release|Any CPU.Build.0 = Release|Any CPU
	EndGlobalSection
	GlobalSection(SolutionProperties) = preSolution
		HideSolutionNode = FALSE
	EndGlobalSection
	GlobalSection(ExtensibilityGlobals) = postSolution
		SolutionGuid = {F8A8ED8D-C78F-4251-B32A-758CBAA48BB3}
	EndGlobalSection
EndGlobal
