
Microsoft Visual Studio Solution File, Format Version 12.00
# Visual Studio Version 16
VisualStudioVersion = 16.0.31624.102
MinimumVisualStudioVersion = 10.0.40219.1
Project("{FAE04EC0-301F-11D3-BF4B-00C04F79EFBC}") = "IWontCheatOnTheExams", "IWontCheatOnTheExams.csproj", "{EAC58228-E8ED-4140-A08A-EE1AB5ED8C23}"
EndProject
Global
	GlobalSection(SolutionConfigurationPlatforms) = preSolution
		Debug|Any CPU = Debug|Any CPU
		Release|Any CPU = Release|Any CPU
	EndGlobalSection
	GlobalSection(ProjectConfigurationPlatforms) = postSolution
		{EAC58228-E8ED-4140-A08A-EE1AB5ED8C23}.Debug|Any CPU.ActiveCfg = Debug|Any CPU
		{EAC58228-E8ED-4140-A08A-EE1AB5ED8C23}.Debug|Any CPU.Build.0 = Debug|Any CPU
		{EAC58228-E8ED-4140-A08A-EE1AB5ED8C23}.Release|Any CPU.ActiveCfg = Release|Any CPU
		{EAC58228-E8ED-4140-A08A-EE1AB5ED8C23}.Release|Any CPU.Build.0 = Release|Any CPU
	EndGlobalSection
	GlobalSection(SolutionProperties) = preSolution
		HideSolutionNode = FALSE
	EndGlobalSection
	GlobalSection(ExtensibilityGlobals) = postSolution
		SolutionGuid = {417850AA-180F-4680-A2C0-E1B70A0E09FA}
	EndGlobalSection
EndGlobal
