
Microsoft Visual Studio Solution File, Format Version 12.00
# Visual Studio Version 16
VisualStudioVersion = 16.0.31624.102
MinimumVisualStudioVersion = 10.0.40219.1
Project("{FAE04EC0-301F-11D3-BF4B-00C04F79EFBC}") = "Reverse", "Reverse.csproj", "{7BA8480B-DAC2-4103-BE2F-A7E6ECA62B2B}"
EndProject
Global
	GlobalSection(SolutionConfigurationPlatforms) = preSolution
		Debug|Any CPU = Debug|Any CPU
		Release|Any CPU = Release|Any CPU
	EndGlobalSection
	GlobalSection(ProjectConfigurationPlatforms) = postSolution
		{7BA8480B-DAC2-4103-BE2F-A7E6ECA62B2B}.Debug|Any CPU.ActiveCfg = Debug|Any CPU
		{7BA8480B-DAC2-4103-BE2F-A7E6ECA62B2B}.Debug|Any CPU.Build.0 = Debug|Any CPU
		{7BA8480B-DAC2-4103-BE2F-A7E6ECA62B2B}.Release|Any CPU.ActiveCfg = Release|Any CPU
		{7BA8480B-DAC2-4103-BE2F-A7E6ECA62B2B}.Release|Any CPU.Build.0 = Release|Any CPU
	EndGlobalSection
	GlobalSection(SolutionProperties) = preSolution
		HideSolutionNode = FALSE
	EndGlobalSection
	GlobalSection(ExtensibilityGlobals) = postSolution
		SolutionGuid = {8A3E2100-4608-4D2A-882D-FB117A964527}
	EndGlobalSection
EndGlobal
