
Microsoft Visual Studio Solution File, Format Version 12.00
# Visual Studio Version 16
VisualStudioVersion = 16.0.31624.102
MinimumVisualStudioVersion = 10.0.40219.1
Project("{FAE04EC0-301F-11D3-BF4B-00C04F79EFBC}") = "Exercise10", "Exercise10.csproj", "{B073EFC9-A42F-439E-BB9A-A044312C2C3C}"
EndProject
Global
	GlobalSection(SolutionConfigurationPlatforms) = preSolution
		Debug|Any CPU = Debug|Any CPU
		Release|Any CPU = Release|Any CPU
	EndGlobalSection
	GlobalSection(ProjectConfigurationPlatforms) = postSolution
		{B073EFC9-A42F-439E-BB9A-A044312C2C3C}.Debug|Any CPU.ActiveCfg = Debug|Any CPU
		{B073EFC9-A42F-439E-BB9A-A044312C2C3C}.Debug|Any CPU.Build.0 = Debug|Any CPU
		{B073EFC9-A42F-439E-BB9A-A044312C2C3C}.Release|Any CPU.ActiveCfg = Release|Any CPU
		{B073EFC9-A42F-439E-BB9A-A044312C2C3C}.Release|Any CPU.Build.0 = Release|Any CPU
	EndGlobalSection
	GlobalSection(SolutionProperties) = preSolution
		HideSolutionNode = FALSE
	EndGlobalSection
	GlobalSection(ExtensibilityGlobals) = postSolution
		SolutionGuid = {A21397D0-7CCF-4BB0-BC48-708E64A01ECA}
	EndGlobalSection
EndGlobal
