
Microsoft Visual Studio Solution File, Format Version 12.00
# Visual Studio Version 16
VisualStudioVersion = 16.0.31624.102
MinimumVisualStudioVersion = 10.0.40219.1
Project("{FAE04EC0-301F-11D3-BF4B-00C04F79EFBC}") = "AppendAfunc", "AppendAfunc.csproj", "{075CBACF-56FA-4C5C-A45A-05171676CE62}"
EndProject
Global
	GlobalSection(SolutionConfigurationPlatforms) = preSolution
		Debug|Any CPU = Debug|Any CPU
		Release|Any CPU = Release|Any CPU
	EndGlobalSection
	GlobalSection(ProjectConfigurationPlatforms) = postSolution
		{075CBACF-56FA-4C5C-A45A-05171676CE62}.Debug|Any CPU.ActiveCfg = Debug|Any CPU
		{075CBACF-56FA-4C5C-A45A-05171676CE62}.Debug|Any CPU.Build.0 = Debug|Any CPU
		{075CBACF-56FA-4C5C-A45A-05171676CE62}.Release|Any CPU.ActiveCfg = Release|Any CPU
		{075CBACF-56FA-4C5C-A45A-05171676CE62}.Release|Any CPU.Build.0 = Release|Any CPU
	EndGlobalSection
	GlobalSection(SolutionProperties) = preSolution
		HideSolutionNode = FALSE
	EndGlobalSection
	GlobalSection(ExtensibilityGlobals) = postSolution
		SolutionGuid = {9A2D0FEF-E8AE-4F89-AF65-24D50BC4ED43}
	EndGlobalSection
EndGlobal
